// !$*UTF8*$!
{
	archiveVersion = 1;
	classes = {
	};
	objectVersion = 77;
	objects = {

/* Begin PBXContainerItemProxy section */
		D1F0259E2E81E7A8001FBD01 /* PBXContainerItemProxy */ = {
			isa = PBXContainerItemProxy;
			containerPortal = D1F025882E81E7A6001FBD01 /* Project object */;
			proxyType = 1;
			remoteGlobalIDString = D1F0258F2E81E7A7001FBD01;
			remoteInfo = Homework6;
		};
		D1F025A82E81E7A8001FBD01 /* PBXContainerItemProxy */ = {
			isa = PBXContainerItemProxy;
			containerPortal = D1F025882E81E7A6001FBD01 /* Project object */;
			proxyType = 1;
			remoteGlobalIDString = D1F0258F2E81E7A7001FBD01;
			remoteInfo = Homework6;
		};
/* End PBXContainerItemProxy section */

/* Begin PBXFileReference section */
		D1F025902E81E7A7001FBD01 /* Homework6.app */ = {isa = PBXFileReference; explicitFileType = wrapper.application; includeInIndex = 0; path = Homework6.app; sourceTree = BUILT_PRODUCTS_DIR; };
		D1F0259D2E81E7A8001FBD01 /* Homework6Tests.xctest */ = {isa = PBXFileReference; explicitFileType = wrapper.cfbundle; includeInIndex = 0; path = Homework6Tests.xctest; sourceTree = BUILT_PRODUCTS_DIR; };
		D1F025A72E81E7A8001FBD01 /* Homework6UITests.xctest */ = {isa = PBXFileReference; explicitFileType = wrapper.cfbundle; includeInIndex = 0; path = Homework6UITests.xctest; sourceTree = BUILT_PRODUCTS_DIR; };
/* End PBXFileReference section */

/* Begin PBXFileSystemSynchronizedRootGroup section */
		D1F025922E81E7A7001FBD01 /* Homework6 */ = {
			isa = PBXFileSystemSynchronizedRootGroup;
			path = Homework6;
			sourceTree = "<group>";
		};
		D1F025A02E81E7A8001FBD01 /* Homework6Tests */ = {
			isa = PBXFileSystemSynchronizedRootGroup;
			path = Homework6Tests;
			sourceTree = "<group>";
		};
		D1F025AA2E81E7A8001FBD01 /* Homework6UITests */ = {
			isa = PBXFileSystemSynchronizedRootGroup;
			path = Homework6UITests;
			sourceTree = "<group>";
		};
/* End PBXFileSystemSynchronizedRootGroup section */

/* Begin PBXFrameworksBuildPhase section */
		D1F0258D2E81E7A7001FBD01 /* Frameworks */ = {
			isa = PBXFrameworksBuildPhase;
			buildActionMask = 2147483647;
			files = (
			);
			runOnlyForDeploymentPostprocessing = 0;
		};
		D1F0259A2E81E7A8001FBD01 /* Frameworks */ = {
			isa = PBXFrameworksBuildPhase;
			buildActionMask = 2147483647;
			files = (
			);
			runOnlyForDeploymentPostprocessing = 0;
		};
		D1F025A42E81E7A8001FBD01 /* Frameworks */ = {
			isa = PBXFrameworksBuildPhase;
			buildActionMask = 2147483647;
			files = (
			);
			runOnlyForDeploymentPostprocessing = 0;
		};
/* End PBXFrameworksBuildPhase section */

/* Begin PBXGroup section */
		D1F025872E81E7A6001FBD01 = {
			isa = PBXGroup;
			children = (
				D1F025922E81E7A7001FBD01 /* Homework6 */,
				D1F025A02E81E7A8001FBD01 /* Homework6Tests */,
				D1F025AA2E81E7A8001FBD01 /* Homework6UITests */,
				D1F025912E81E7A7001FBD01 /* Products */,
			);
			sourceTree = "<group>";
		};
		D1F025912E81E7A7001FBD01 /* Products */ = {
			isa = PBXGroup;
			children = (
				D1F025902E81E7A7001FBD01 /* Homework6.app */,
				D1F0259D2E81E7A8001FBD01 /* Homework6Tests.xctest */,
				D1F025A72E81E7A8001FBD01 /* Homework6UITests.xctest */,
			);
			name = Products;
			sourceTree = "<group>";
		};
/* End PBXGroup section */

/* Begin PBXNativeTarget section */
		D1F0258F2E81E7A7001FBD01 /* Homework6 */ = {
			isa = PBXNativeTarget;
			buildConfigurationList = D1F025B12E81E7A8001FBD01 /* Build configuration list for PBXNativeTarget "Homework6" */;
			buildPhases = (
				D1F0258C2E81E7A7001FBD01 /* Sources */,
				D1F0258D2E81E7A7001FBD01 /* Frameworks */,
				D1F0258E2E81E7A7001FBD01 /* Resources */,
			);
			buildRules = (
			);
			dependencies = (
			);
			fileSystemSynchronizedGroups = (
				D1F025922E81E7A7001FBD01 /* Homework6 */,
			);
			name = Homework6;
			packageProductDependencies = (
			);
			productName = Homework6;
			productReference = D1F025902E81E7A7001FBD01 /* Homework6.app */;
			productType = "com.apple.product-type.application";
		};
		D1F0259C2E81E7A8001FBD01 /* Homework6Tests */ = {
			isa = PBXNativeTarget;
			buildConfigurationList = D1F025B42E81E7A8001FBD01 /* Build configuration list for PBXNativeTarget "Homework6Tests" */;
			buildPhases = (
				D1F025992E81E7A8001FBD01 /* Sources */,
				D1F0259A2E81E7A8001FBD01 /* Frameworks */,
				D1F0259B2E81E7A8001FBD01 /* Resources */,
			);
			buildRules = (
			);
			dependencies = (
				D1F0259F2E81E7A8001FBD01 /* PBXTargetDependency */,
			);
			fileSystemSynchronizedGroups = (
				D1F025A02E81E7A8001FBD01 /* Homework6Tests */,
			);
			name = Homework6Tests;
			packageProductDependencies = (
			);
			productName = Homework6Tests;
			productReference = D1F0259D2E81E7A8001FBD01 /* Homework6Tests.xctest */;
			productType = "com.apple.product-type.bundle.unit-test";
		};
		D1F025A62E81E7A8001FBD01 /* Homework6UITests */ = {
			isa = PBXNativeTarget;
			buildConfigurationList = D1F025B72E81E7A8001FBD01 /* Build configuration list for PBXNativeTarget "Homework6UITests" */;
			buildPhases = (
				D1F025A32E81E7A8001FBD01 /* Sources */,
				D1F025A42E81E7A8001FBD01 /* Frameworks */,
				D1F025A52E81E7A8001FBD01 /* Resources */,
			);
			buildRules = (
			);
			dependencies = (
				D1F025A92E81E7A8001FBD01 /* PBXTargetDependency */,
			);
			fileSystemSynchronizedGroups = (
				D1F025AA2E81E7A8001FBD01 /* Homework6UITests */,
			);
			name = Homework6UITests;
			packageProductDependencies = (
			);
			productName = Homework6UITests;
			productReference = D1F025A72E81E7A8001FBD01 /* Homework6UITests.xctest */;
			productType = "com.apple.product-type.bundle.ui-testing";
		};
/* End PBXNativeTarget section */

/* Begin PBXProject section */
		D1F025882E81E7A6001FBD01 /* Project object */ = {
			isa = PBXProject;
			attributes = {
				BuildIndependentTargetsInParallel = 1;
				LastSwiftUpdateCheck = 1640;
				LastUpgradeCheck = 1640;
				TargetAttributes = {
					D1F0258F2E81E7A7001FBD01 = {
						CreatedOnToolsVersion = 16.4;
					};
					D1F0259C2E81E7A8001FBD01 = {
						CreatedOnToolsVersion = 16.4;
						TestTargetID = D1F0258F2E81E7A7001FBD01;
					};
					D1F025A62E81E7A8001FBD01 = {
						CreatedOnToolsVersion = 16.4;
						TestTargetID = D1F0258F2E81E7A7001FBD01;
					};
				};
			};
			buildConfigurationList = D1F0258B2E81E7A6001FBD01 /* Build configuration list for PBXProject "Homework6" */;
			developmentRegion = en;
			hasScannedForEncodings = 0;
			knownRegions = (
				en,
				Base,
			);
			mainGroup = D1F025872E81E7A6001FBD01;
			minimizedProjectReferenceProxies = 1;
			preferredProjectObjectVersion = 77;
			productRefGroup = D1F025912E81E7A7001FBD01 /* Products */;
			projectDirPath = "";
			projectRoot = "";
			targets = (
				D1F0258F2E81E7A7001FBD01 /* Homework6 */,
				D1F0259C2E81E7A8001FBD01 /* Homework6Tests */,
				D1F025A62E81E7A8001FBD01 /* Homework6UITests */,
			);
		};
/* End PBXProject section */

/* Begin PBXResourcesBuildPhase section */
		D1F0258E2E81E7A7001FBD01 /* Resources */ = {
			isa = PBXResourcesBuildPhase;
			buildActionMask = 2147483647;
			files = (
			);
			runOnlyForDeploymentPostprocessing = 0;
		};
		D1F0259B2E81E7A8001FBD01 /* Resources */ = {
			isa = PBXResourcesBuildPhase;
			buildActionMask = 2147483647;
			files = (
			);
			runOnlyForDeploymentPostprocessing = 0;
		};
		D1F025A52E81E7A8001FBD01 /* Resources */ = {
			isa = PBXResourcesBuildPhase;
			buildActionMask = 2147483647;
			files = (
			);
			runOnlyForDeploymentPostprocessing = 0;
		};
/* End PBXResourcesBuildPhase section */

/* Begin PBXSourcesBuildPhase section */
		D1F0258C2E81E7A7001FBD01 /* Sources */ = {
			isa = PBXSourcesBuildPhase;
			buildActionMask = 2147483647;
			files = (
			);
			runOnlyForDeploymentPostprocessing = 0;
		};
		D1F025992E81E7A8001FBD01 /* Sources */ = {
			isa = PBXSourcesBuildPhase;
			buildActionMask = 2147483647;
			files = (
			);
			runOnlyForDeploymentPostprocessing = 0;
		};
		D1F025A32E81E7A8001FBD01 /* Sources */ = {
			isa = PBXSourcesBuildPhase;
			buildActionMask = 2147483647;
			files = (
			);
			runOnlyForDeploymentPostprocessing = 0;
		};
/* End PBXSourcesBuildPhase section */

/* Begin PBXTargetDependency section */
		D1F0259F2E81E7A8001FBD01 /* PBXTargetDependency */ = {
			isa = PBXTargetDependency;
			target = D1F0258F2E81E7A7001FBD01 /* Homework6 */;
			targetProxy = D1F0259E2E81E7A8001FBD01 /* PBXContainerItemProxy */;
		};
		D1F025A92E81E7A8001FBD01 /* PBXTargetDependency */ = {
			isa = PBXTargetDependency;
			target = D1F0258F2E81E7A7001FBD01 /* Homework6 */;
			targetProxy = D1F025A82E81E7A8001FBD01 /* PBXContainerItemProxy */;
		};
/* End PBXTargetDependency section */

/* Begin XCBuildConfiguration section */
		D1F025AF2E81E7A8001FBD01 /* Debug */ = {
			isa = XCBuildConfiguration;
			buildSettings = {
				ALWAYS_SEARCH_USER_PATHS = NO;
				ASSETCATALOG_COMPILER_GENERATE_SWIFT_ASSET_SYMBOL_EXTENSIONS = YES;
				CLANG_ANALYZER_NONNULL = YES;
				CLANG_ANALYZER_NUMBER_OBJECT_CONVERSION = YES_AGGRESSIVE;
				CLANG_CXX_LANGUAGE_STANDARD = "gnu++20";
				CLANG_ENABLE_MODULES = YES;
				CLANG_ENABLE_OBJC_ARC = YES;
				CLANG_ENABLE_OBJC_WEAK = YES;
				CLANG_WARN_BLOCK_CAPTURE_AUTORELEASING = YES;
				CLANG_WARN_BOOL_CONVERSION = YES;
				CLANG_WARN_COMMA = YES;
				CLANG_WARN_CONSTANT_CONVERSION = YES;
				CLANG_WARN_DEPRECATED_OBJC_IMPLEMENTATIONS = YES;
				CLANG_WARN_DIRECT_OBJC_ISA_USAGE = YES_ERROR;
				CLANG_WARN_DOCUMENTATION_COMMENTS = YES;
				CLANG_WARN_EMPTY_BODY = YES;
				CLANG_WARN_ENUM_CONVERSION = YES;
				CLANG_WARN_INFINITE_RECURSION = YES;
				CLANG_WARN_INT_CONVERSION = YES;
				CLANG_WARN_NON_LITERAL_NULL_CONVERSION = YES;
				CLANG_WARN_OBJC_IMPLICIT_RETAIN_SELF = YES;
				CLANG_WARN_OBJC_LITERAL_CONVERSION = YES;
				CLANG_WARN_OBJC_ROOT_CLASS = YES_ERROR;
				CLANG_WARN_QUOTED_INCLUDE_IN_FRAMEWORK_HEADER = YES;
				CLANG_WARN_RANGE_LOOP_ANALYSIS = YES;
				CLANG_WARN_STRICT_PROTOTYPES = YES;
				CLANG_WARN_SUSPICIOUS_MOVE = YES;
				CLANG_WARN_UNGUARDED_AVAILABILITY = YES_AGGRESSIVE;
				CLANG_WARN_UNREACHABLE_CODE = YES;
				CLANG_WARN__DUPLICATE_METHOD_MATCH = YES;
				COPY_PHASE_STRIP = NO;
				DEBUG_INFORMATION_FORMAT = dwarf;
				ENABLE_STRICT_OBJC_MSGSEND = YES;
				ENABLE_TESTABILITY = YES;
				ENABLE_USER_SCRIPT_SANDBOXING = YES;
				GCC_C_LANGUAGE_STANDARD = gnu17;
				GCC_DYNAMIC_NO_PIC = NO;
				GCC_NO_COMMON_BLOCKS = YES;
				GCC_OPTIMIZATION_LEVEL = 0;
				GCC_PREPROCESSOR_DEFINITIONS = (
					"DEBUG=1",
					"$(inherited)",
				);
				GCC_WARN_64_TO_32_BIT_CONVERSION = YES;
				GCC_WARN_ABOUT_RETURN_TYPE = YES_ERROR;
				GCC_WARN_UNDECLARED_SELECTOR = YES;
				GCC_WARN_UNINITIALIZED_AUTOS = YES_AGGRESSIVE;
				GCC_WARN_UNUSED_FUNCTION = YES;
				GCC_WARN_UNUSED_VARIABLE = YES;
				IPHONEOS_DEPLOYMENT_TARGET = 18.5;
				LOCALIZATION_PREFERS_STRING_CATALOGS = YES;
				MTL_ENABLE_DEBUG_INFO = INCLUDE_SOURCE;
				MTL_FAST_MATH = YES;
				ONLY_ACTIVE_ARCH = YES;
				SDKROOT = iphoneos;
				SWIFT_ACTIVE_COMPILATION_CONDITIONS = "DEBUG $(inherited)";
				SWIFT_OPTIMIZATION_LEVEL = "-Onone";
			};
			name = Debug;
		};
		D1F025B02E81E7A8001FBD01 /* Release */ = {
			isa = XCBuildConfiguration;
			buildSettings = {
				ALWAYS_SEARCH_USER_PATHS = NO;
				ASSETCATALOG_COMPILER_GENERATE_SWIFT_ASSET_SYMBOL_EXTENSIONS = YES;
				CLANG_ANALYZER_NONNULL = YES;
				CLANG_ANALYZER_NUMBER_OBJECT_CONVERSION = YES_AGGRESSIVE;
				CLANG_CXX_LANGUAGE_STANDARD = "gnu++20";
				CLANG_ENABLE_MODULES = YES;
				CLANG_ENABLE_OBJC_ARC = YES;
				CLANG_ENABLE_OBJC_WEAK = YES;
				CLANG_WARN_BLOCK_CAPTURE_AUTORELEASING = YES;
				CLANG_WARN_BOOL_CONVERSION = YES;
				CLANG_WARN_COMMA = YES;
				CLANG_WARN_CONSTANT_CONVERSION = YES;
				CLANG_WARN_DEPRECATED_OBJC_IMPLEMENTATIONS = YES;
				CLANG_WARN_DIRECT_OBJC_ISA_USAGE = YES_ERROR;
				CLANG_WARN_DOCUMENTATION_COMMENTS = YES;
				CLANG_WARN_EMPTY_BODY = YES;
				CLANG_WARN_ENUM_CONVERSION = YES;
				CLANG_WARN_INFINITE_RECURSION = YES;
				CLANG_WARN_INT_CONVERSION = YES;
				CLANG_WARN_NON_LITERAL_NULL_CONVERSION = YES;
				CLANG_WARN_OBJC_IMPLICIT_RETAIN_SELF = YES;
				CLANG_WARN_OBJC_LITERAL_CONVERSION = YES;
				CLANG_WARN_OBJC_ROOT_CLASS = YES_ERROR;
				CLANG_WARN_QUOTED_INCLUDE_IN_FRAMEWORK_HEADER = YES;
				CLANG_WARN_RANGE_LOOP_ANALYSIS = YES;
				CLANG_WARN_STRICT_PROTOTYPES = YES;
				CLANG_WARN_SUSPICIOUS_MOVE = YES;
				CLANG_WARN_UNGUARDED_AVAILABILITY = YES_AGGRESSIVE;
				CLANG_WARN_UNREACHABLE_CODE = YES;
				CLANG_WARN__DUPLICATE_METHOD_MATCH = YES;
				COPY_PHASE_STRIP = NO;
				DEBUG_INFORMATION_FORMAT = "dwarf-with-dsym";
				ENABLE_NS_ASSERTIONS = NO;
				ENABLE_STRICT_OBJC_MSGSEND = YES;
				ENABLE_USER_SCRIPT_SANDBOXING = YES;
				GCC_C_LANGUAGE_STANDARD = gnu17;
				GCC_NO_COMMON_BLOCKS = YES;
				GCC_WARN_64_TO_32_BIT_CONVERSION = YES;
				GCC_WARN_ABOUT_RETURN_TYPE = YES_ERROR;
				GCC_WARN_UNDECLARED_SELECTOR = YES;
				GCC_WARN_UNINITIALIZED_AUTOS = YES_AGGRESSIVE;
				GCC_WARN_UNUSED_FUNCTION = YES;
				GCC_WARN_UNUSED_VARIABLE = YES;
				IPHONEOS_DEPLOYMENT_TARGET = 18.5;
				LOCALIZATION_PREFERS_STRING_CATALOGS = YES;
				MTL_ENABLE_DEBUG_INFO = NO;
				MTL_FAST_MATH = YES;
				SDKROOT = iphoneos;
				SWIFT_COMPILATION_MODE = wholemodule;
				VALIDATE_PRODUCT = YES;
			};
			name = Release;
		};
		D1F025B22E81E7A8001FBD01 /* Debug */ = {
			isa = XCBuildConfiguration;
			buildSettings = {
				ASSETCATALOG_COMPILER_APPICON_NAME = AppIcon;
				ASSETCATALOG_COMPILER_GLOBAL_ACCENT_COLOR_NAME = AccentColor;
				CODE_SIGN_STYLE = Automatic;
				CURRENT_PROJECT_VERSION = 1;
				ENABLE_PREVIEWS = YES;
				GENERATE_INFOPLIST_FILE = YES;
				INFOPLIST_KEY_UIApplicationSceneManifest_Generation = YES;
				INFOPLIST_KEY_UIApplicationSupportsIndirectInputEvents = YES;
				INFOPLIST_KEY_UILaunchScreen_Generation = YES;
				INFOPLIST_KEY_UISupportedInterfaceOrientations_iPad = "UIInterfaceOrientationPortrait UIInterfaceOrientationPortraitUpsideDown UIInterfaceOrientationLandscapeLeft UIInterfaceOrientationLandscapeRight";
				INFOPLIST_KEY_UISupportedInterfaceOrientations_iPhone = "UIInterfaceOrientationPortrait UIInterfaceOrientationLandscapeLeft UIInterfaceOrientationLandscapeRight";
				LD_RUNPATH_SEARCH_PATHS = (
					"$(inherited)",
					"@executable_path/Frameworks",
				);
				MARKETING_VERSION = 1.0;
				PRODUCT_BUNDLE_IDENTIFIER = Homework.Homework6;
				PRODUCT_NAME = "$(TARGET_NAME)";
				SWIFT_EMIT_LOC_STRINGS = YES;
				SWIFT_VERSION = 5.0;
				TARGETED_DEVICE_FAMILY = "1,2";
			};
			name = Debug;
		};
		D1F025B32E81E7A8001FBD01 /* Release */ = {
			isa = XCBuildConfiguration;
			buildSettings = {
				ASSETCATALOG_COMPILER_APPICON_NAME = AppIcon;
				ASSETCATALOG_COMPILER_GLOBAL_ACCENT_COLOR_NAME = AccentColor;
				CODE_SIGN_STYLE = Automatic;
				CURRENT_PROJECT_VERSION = 1;
				ENABLE_PREVIEWS = YES;
				GENERATE_INFOPLIST_FILE = YES;
				INFOPLIST_KEY_UIApplicationSceneManifest_Generation = YES;
				INFOPLIST_KEY_UIApplicationSupportsIndirectInputEvents = YES;
				INFOPLIST_KEY_UILaunchScreen_Generation = YES;
				INFOPLIST_KEY_UISupportedInterfaceOrientations_iPad = "UIInterfaceOrientationPortrait UIInterfaceOrientationPortraitUpsideDown UIInterfaceOrientationLandscapeLeft UIInterfaceOrientationLandscapeRight";
				INFOPLIST_KEY_UISupportedInterfaceOrientations_iPhone = "UIInterfaceOrientationPortrait UIInterfaceOrientationLandscapeLeft UIInterfaceOrientationLandscapeRight";
				LD_RUNPATH_SEARCH_PATHS = (
					"$(inherited)",
					"@executable_path/Frameworks",
				);
				MARKETING_VERSION = 1.0;
				PRODUCT_BUNDLE_IDENTIFIER = Homework.Homework6;
				PRODUCT_NAME = "$(TARGET_NAME)";
				SWIFT_EMIT_LOC_STRINGS = YES;
				SWIFT_VERSION = 5.0;
				TARGETED_DEVICE_FAMILY = "1,2";
			};
			name = Release;
		};
		D1F025B52E81E7A8001FBD01 /* Debug */ = {
			isa = XCBuildConfiguration;
			buildSettings = {
				BUNDLE_LOADER = "$(TEST_HOST)";
				CODE_SIGN_STYLE = Automatic;
				CURRENT_PROJECT_VERSION = 1;
				GENERATE_INFOPLIST_FILE = YES;
				IPHONEOS_DEPLOYMENT_TARGET = 18.5;
				MARKETING_VERSION = 1.0;
				PRODUCT_BUNDLE_IDENTIFIER = Homework.Homework6Tests;
				PRODUCT_NAME = "$(TARGET_NAME)";
				SWIFT_EMIT_LOC_STRINGS = NO;
				SWIFT_VERSION = 5.0;
				TARGETED_DEVICE_FAMILY = "1,2";
				TEST_HOST = "$(BUILT_PRODUCTS_DIR)/Homework6.app/$(BUNDLE_EXECUTABLE_FOLDER_PATH)/Homework6";
			};
			name = Debug;
		};
		D1F025B62E81E7A8001FBD01 /* Release */ = {
			isa = XCBuildConfiguration;
			buildSettings = {
				BUNDLE_LOADER = "$(TEST_HOST)";
				CODE_SIGN_STYLE = Automatic;
				CURRENT_PROJECT_VERSION = 1;
				GENERATE_INFOPLIST_FILE = YES;
				IPHONEOS_DEPLOYMENT_TARGET = 18.5;
				MARKETING_VERSION = 1.0;
				PRODUCT_BUNDLE_IDENTIFIER = Homework.Homework6Tests;
				PRODUCT_NAME = "$(TARGET_NAME)";
				SWIFT_EMIT_LOC_STRINGS = NO;
				SWIFT_VERSION = 5.0;
				TARGETED_DEVICE_FAMILY = "1,2";
				TEST_HOST = "$(BUILT_PRODUCTS_DIR)/Homework6.app/$(BUNDLE_EXECUTABLE_FOLDER_PATH)/Homework6";
			};
			name = Release;
		};
		D1F025B82E81E7A8001FBD01 /* Debug */ = {
			isa = XCBuildConfiguration;
			buildSettings = {
				CODE_SIGN_STYLE = Automatic;
				CURRENT_PROJECT_VERSION = 1;
				GENERATE_INFOPLIST_FILE = YES;
				MARKETING_VERSION = 1.0;
				PRODUCT_BUNDLE_IDENTIFIER = Homework.Homework6UITests;
				PRODUCT_NAME = "$(TARGET_NAME)";
				SWIFT_EMIT_LOC_STRINGS = NO;
				SWIFT_VERSION = 5.0;
				TARGETED_DEVICE_FAMILY = "1,2";
				TEST_TARGET_NAME = Homework6;
			};
			name = Debug;
		};
		D1F025B92E81E7A8001FBD01 /* Release */ = {
			isa = XCBuildConfiguration;
			buildSettings = {
				CODE_SIGN_STYLE = Automatic;
				CURRENT_PROJECT_VERSION = 1;
				GENERATE_INFOPLIST_FILE = YES;
				MARKETING_VERSION = 1.0;
				PRODUCT_BUNDLE_IDENTIFIER = Homework.Homework6UITests;
				PRODUCT_NAME = "$(TARGET_NAME)";
				SWIFT_EMIT_LOC_STRINGS = NO;
				SWIFT_VERSION = 5.0;
				TARGETED_DEVICE_FAMILY = "1,2";
				TEST_TARGET_NAME = Homework6;
			};
			name = Release;
		};
/* End XCBuildConfiguration section */

/* Begin XCConfigurationList section */
		D1F0258B2E81E7A6001FBD01 /* Build configuration list for PBXProject "Homework6" */ = {
			isa = XCConfigurationList;
			buildConfigurations = (
				D1F025AF2E81E7A8001FBD01 /* Debug */,
				D1F025B02E81E7A8001FBD01 /* Release */,
			);
			defaultConfigurationIsVisible = 0;
			defaultConfigurationName = Release;
		};
		D1F025B12E81E7A8001FBD01 /* Build configuration list for PBXNativeTarget "Homework6" */ = {
			isa = XCConfigurationList;
			buildConfigurations = (
				D1F025B22E81E7A8001FBD01 /* Debug */,
				D1F025B32E81E7A8001FBD01 /* Release */,
			);
			defaultConfigurationIsVisible = 0;
			defaultConfigurationName = Release;
		};
		D1F025B42E81E7A8001FBD01 /* Build configuration list for PBXNativeTarget "Homework6Tests" */ = {
			isa = XCConfigurationList;
			buildConfigurations = (
				D1F025B52E81E7A8001FBD01 /* Debug */,
				D1F025B62E81E7A8001FBD01 /* Release */,
			);
			defaultConfigurationIsVisible = 0;
			defaultConfigurationName = Release;
		};
		D1F025B72E81E7A8001FBD01 /* Build configuration list for PBXNativeTarget "Homework6UITests" */ = {
			isa = XCConfigurationList;
			buildConfigurations = (
				D1F025B82E81E7A8001FBD01 /* Debug */,
				D1F025B92E81E7A8001FBD01 /* Release */,
			);
			defaultConfigurationIsVisible = 0;
			defaultConfigurationName = Release;
		};
/* End XCConfigurationList section */
	};
	rootObject = D1F025882E81E7A6001FBD01 /* Project object */;
}
